# Generated by pub
# See https://dart.dev/tools/pub/glossary#lockfile
packages:
  collection:
    dependency: "direct main"
    description:
      name: collection
      sha256: "2f5709ae4d3d59dd8f7cd309b4e023046b57d8a6c82130785d2b0e5868084e76"
      url: "https://pub.dev"
    source: hosted
    version: "1.19.1"
  degenerate_runtime:
    dependency: "direct main"
    description:
      path: "packages/degenerate_runtime"
      ref: HEAD
      resolved-ref: "8731a3e58955152fa31220cc8b5f45492a1a6d32"
      url: "https://github.com/blopker/degenerate.git"
    source: git
    version: "0.1.0"
sdks:
  dart: ">=3.8.0 <4.0.0"
